# This file is generated by running "yarn install" inside your project.
# Manual changes might be lost - proceed with caution!

__metadata:
  version: 8
  cacheKey: 10c0

"@dbmate/darwin-arm64@npm:2.11.0":
  version: 2.11.0
  resolution: "@dbmate/darwin-arm64@npm:2.11.0"
  conditions: os=darwin & cpu=arm64
  languageName: node
  linkType: hard

"@dbmate/darwin-x64@npm:2.11.0":
  version: 2.11.0
  resolution: "@dbmate/darwin-x64@npm:2.11.0"
  conditions: os=darwin & cpu=x64
  languageName: node
  linkType: hard

"@dbmate/linux-arm64@npm:2.11.0":
  version: 2.11.0
  resolution: "@dbmate/linux-arm64@npm:2.11.0"
  conditions: os=linux & cpu=arm64
  languageName: node
  linkType: hard

"@dbmate/linux-arm@npm:2.11.0":
  version: 2.11.0
  resolution: "@dbmate/linux-arm@npm:2.11.0"
  conditions: os=linux & cpu=arm
  languageName: node
  linkType: hard

"@dbmate/linux-ia32@npm:2.11.0":
  version: 2.11.0
  resolution: "@dbmate/linux-ia32@npm:2.11.0"
  conditions: os=linux & cpu=ia32
  languageName: node
  linkType: hard

"@dbmate/linux-x64@npm:2.11.0":
  version: 2.11.0
  resolution: "@dbmate/linux-x64@npm:2.11.0"
  conditions: os=linux & cpu=x64
  languageName: node
  linkType: hard

"@dbmate/win32-x64@npm:2.11.0":
  version: 2.11.0
  resolution: "@dbmate/win32-x64@npm:2.11.0"
  conditions: os=win32 & cpu=x64
  languageName: node
  linkType: hard

"acetate@workspace:.":
  version: 0.0.0-use.local
  resolution: "acetate@workspace:."
  dependencies:
    dbmate: "npm:^2.11.0"
  languageName: unknown
  linkType: soft

"dbmate@npm:^2.11.0":
  version: 2.11.0
  resolution: "dbmate@npm:2.11.0"
  dependencies:
    "@dbmate/darwin-arm64": "npm:2.11.0"
    "@dbmate/darwin-x64": "npm:2.11.0"
    "@dbmate/linux-arm": "npm:2.11.0"
    "@dbmate/linux-arm64": "npm:2.11.0"
    "@dbmate/linux-ia32": "npm:2.11.0"
    "@dbmate/linux-x64": "npm:2.11.0"
    "@dbmate/win32-x64": "npm:2.11.0"
  dependenciesMeta:
    "@dbmate/darwin-arm64":
      optional: true
    "@dbmate/darwin-x64":
      optional: true
    "@dbmate/linux-arm":
      optional: true
    "@dbmate/linux-arm64":
      optional: true
    "@dbmate/linux-ia32":
      optional: true
    "@dbmate/linux-x64":
      optional: true
    "@dbmate/win32-x64":
      optional: true
  bin:
    dbmate: dist/cli.js
  checksum: 10c0/6e46a20d7090f7457429a468c3352c363226e9d6f9facef551e9ebd458ab205211a386d40cbd6ffd14d01a27e5ede65597f343bdf593924b7db024911250c311
  languageName: node
  linkType: hard
